
Microsoft Visual Studio Solution File, Format Version 12.00
# Visual Studio Version 16
VisualStudioVersion = 16.0.29613.14
MinimumVisualStudioVersion = 10.0.40219.1
Project("{FAE04EC0-301F-11D3-BF4B-00C04F79EFBC}") = "IOIGrieviance-Web", "IOIGrieviance-Web\IOIGrieviance-Web.csproj", "{0614D368-10C8-4419-B427-6FD43A2BA1A2}"
EndProject
Global
	GlobalSection(SolutionConfigurationPlatforms) = preSolution
		Debug|Any CPU = Debug|Any CPU
		Release|Any CPU = Release|Any CPU
	EndGlobalSection
	GlobalSection(ProjectConfigurationPlatforms) = postSolution
		{0614D368-10C8-4419-B427-6FD43A2BA1A2}.Debug|Any CPU.ActiveCfg = Debug|Any CPU
		{0614D368-10C8-4419-B427-6FD43A2BA1A2}.Debug|Any CPU.Build.0 = Debug|Any CPU
		{0614D368-10C8-4419-B427-6FD43A2BA1A2}.Release|Any CPU.ActiveCfg = Release|Any CPU
		{0614D368-10C8-4419-B427-6FD43A2BA1A2}.Release|Any CPU.Build.0 = Release|Any CPU
	EndGlobalSection
	GlobalSection(SolutionProperties) = preSolution
		HideSolutionNode = FALSE
	EndGlobalSection
	GlobalSection(ExtensibilityGlobals) = postSolution
		SolutionGuid = {B62A9CF9-B7EF-409B-B831-A2DB2A75CB2C}
	EndGlobalSection
EndGlobal
